
Microsoft Visual Studio Solution File, Format Version 12.00
# Visual Studio Version 17
VisualStudioVersion = 17.8.34330.188
MinimumVisualStudioVersion = 10.0.40219.1
Project("{FAE04EC0-301F-11D3-BF4B-00C04F79EFBC}") = "CoreWeb_MVC", "CoreWeb_MVC.csproj", "{24C5C786-22D7-4A6F-B32E-98217B6D6CBE}"
EndProject
Project("{FAE04EC0-301F-11D3-BF4B-00C04F79EFBC}") = "CoreWeb_API", "..\CoreWeb_API\CoreWeb_API.csproj", "{AE0DC279-C47D-49C5-AEC5-BA3414AE4A75}"
EndProject
Global
	GlobalSection(SolutionConfigurationPlatforms) = preSolution
		Debug|Any CPU = Debug|Any CPU
		Release|Any CPU = Release|Any CPU
	EndGlobalSection
	GlobalSection(ProjectConfigurationPlatforms) = postSolution
		{24C5C786-22D7-4A6F-B32E-98217B6D6CBE}.Debug|Any CPU.ActiveCfg = Debug|Any CPU
		{24C5C786-22D7-4A6F-B32E-98217B6D6CBE}.Debug|Any CPU.Build.0 = Debug|Any CPU
		{24C5C786-22D7-4A6F-B32E-98217B6D6CBE}.Release|Any CPU.ActiveCfg = Release|Any CPU
		{24C5C786-22D7-4A6F-B32E-98217B6D6CBE}.Release|Any CPU.Build.0 = Release|Any CPU
		{AE0DC279-C47D-49C5-AEC5-BA3414AE4A75}.Debug|Any CPU.ActiveCfg = Debug|Any CPU
		{AE0DC279-C47D-49C5-AEC5-BA3414AE4A75}.Debug|Any CPU.Build.0 = Debug|Any CPU
		{AE0DC279-C47D-49C5-AEC5-BA3414AE4A75}.Release|Any CPU.ActiveCfg = Release|Any CPU
		{AE0DC279-C47D-49C5-AEC5-BA3414AE4A75}.Release|Any CPU.Build.0 = Release|Any CPU
	EndGlobalSection
	GlobalSection(SolutionProperties) = preSolution
		HideSolutionNode = FALSE
	EndGlobalSection
	GlobalSection(ExtensibilityGlobals) = postSolution
		SolutionGuid = {C9B2DCC8-2907-4BE9-A5ED-75C478269CF7}
	EndGlobalSection
EndGlobal
